
Microsoft Visual Studio Solution File, Format Version 12.00
# Visual Studio Version 17
VisualStudioVersion = 17.0.32112.339
MinimumVisualStudioVersion = 10.0.40219.1
Project("{9A19103F-16F7-4668-BE54-9A1E7A4F7556}") = "DnD-Dice-Probability-space", "DnD-Dice-Probability-space.csproj", "{5B90A844-2119-4E3D-A07E-BD7B7FF1AEB4}"
EndProject
Project("{9A19103F-16F7-4668-BE54-9A1E7A4F7556}") = "DnD-Dice-Probability-Space-Dynamic-Programming", "..\DnD-Dice-Probability-Space-Dynamic-Programming\DnD-Dice-Probability-Space-Dynamic-Programming.csproj", "{5727CC02-889F-409B-A5C3-69C8453E1920}"
EndProject
Project("{FAE04EC0-301F-11D3-BF4B-00C04F79EFBC}") = "ExperimentSummarySummarizer", "..\ExperimentSummarySummarizer\ExperimentSummarySummarizer.csproj", "{E793E61E-FBE3-4D5D-84EC-97739F2766C0}"
EndProject
Global
	GlobalSection(SolutionConfigurationPlatforms) = preSolution
		Debug|Any CPU = Debug|Any CPU
		Release|Any CPU = Release|Any CPU
	EndGlobalSection
	GlobalSection(ProjectConfigurationPlatforms) = postSolution
		{5B90A844-2119-4E3D-A07E-BD7B7FF1AEB4}.Debug|Any CPU.ActiveCfg = Debug|Any CPU
		{5B90A844-2119-4E3D-A07E-BD7B7FF1AEB4}.Debug|Any CPU.Build.0 = Debug|Any CPU
		{5B90A844-2119-4E3D-A07E-BD7B7FF1AEB4}.Release|Any CPU.ActiveCfg = Release|Any CPU
		{5B90A844-2119-4E3D-A07E-BD7B7FF1AEB4}.Release|Any CPU.Build.0 = Release|Any CPU
		{5727CC02-889F-409B-A5C3-69C8453E1920}.Debug|Any CPU.ActiveCfg = Debug|Any CPU
		{5727CC02-889F-409B-A5C3-69C8453E1920}.Debug|Any CPU.Build.0 = Debug|Any CPU
		{5727CC02-889F-409B-A5C3-69C8453E1920}.Release|Any CPU.ActiveCfg = Release|Any CPU
		{5727CC02-889F-409B-A5C3-69C8453E1920}.Release|Any CPU.Build.0 = Release|Any CPU
		{E793E61E-FBE3-4D5D-84EC-97739F2766C0}.Debug|Any CPU.ActiveCfg = Debug|Any CPU
		{E793E61E-FBE3-4D5D-84EC-97739F2766C0}.Debug|Any CPU.Build.0 = Debug|Any CPU
		{E793E61E-FBE3-4D5D-84EC-97739F2766C0}.Release|Any CPU.ActiveCfg = Release|Any CPU
		{E793E61E-FBE3-4D5D-84EC-97739F2766C0}.Release|Any CPU.Build.0 = Release|Any CPU
	EndGlobalSection
	GlobalSection(SolutionProperties) = preSolution
		HideSolutionNode = FALSE
	EndGlobalSection
	GlobalSection(ExtensibilityGlobals) = postSolution
		SolutionGuid = {4B8C0BA3-29D2-44F9-88CF-5FF605B65550}
	EndGlobalSection
EndGlobal
